
Microsoft Visual Studio Solution File, Format Version 12.00
# Visual Studio Version 16
VisualStudioVersion = 16.0.31515.178
MinimumVisualStudioVersion = 10.0.40219.1
Project("{888888A0-9F3D-457C-B088-3A5042F75D52}") = "DjangoWebProject1", "DjangoWebProject1.pyproj", "{E9D5A099-2D6F-4673-8AF4-93ECFD3298A1}"
EndProject
Global
	GlobalSection(SolutionConfigurationPlatforms) = preSolution
		Debug|Any CPU = Debug|Any CPU
		Release|Any CPU = Release|Any CPU
	EndGlobalSection
	GlobalSection(ProjectConfigurationPlatforms) = postSolution
		{E9D5A099-2D6F-4673-8AF4-93ECFD3298A1}.Debug|Any CPU.ActiveCfg = Debug|Any CPU
		{E9D5A099-2D6F-4673-8AF4-93ECFD3298A1}.Debug|Any CPU.Build.0 = Debug|Any CPU
		{E9D5A099-2D6F-4673-8AF4-93ECFD3298A1}.Release|Any CPU.ActiveCfg = Release|Any CPU
		{E9D5A099-2D6F-4673-8AF4-93ECFD3298A1}.Release|Any CPU.Build.0 = Release|Any CPU
	EndGlobalSection
	GlobalSection(SolutionProperties) = preSolution
		HideSolutionNode = FALSE
	EndGlobalSection
	GlobalSection(ExtensibilityGlobals) = postSolution
		SolutionGuid = {38B7244C-2DBE-4481-BD49-B54C1497485F}
	EndGlobalSection
EndGlobal
